<?xml version="1.0" encoding="utf-8"?>
<Project ToolsVersion="4.0" xmlns="http://schemas.microsoft.com/developer/msbuild/2003">
  <ItemGroup>
    <Filter Include="Actors">
      <UniqueIdentifier>{4FC737F1-C7A5-4376-A066-2A32D752A2FF}</UniqueIdentifier>
      <Extensions>cpp;c;cc;cxx;def;odl;idl;hpj;bat;asm;asmx</Extensions>
    </Filter>
    <Filter Include="World">
      <UniqueIdentifier>{7a6a9df4-7288-42f9-99ec-9cf5086fd9bc}</UniqueIdentifier>
    </Filter>
    <Filter Include="World\Areas">
      <UniqueIdentifier>{f2d4096b-63db-4d22-bbea-a71f5614b980}</UniqueIdentifier>
    </Filter>
    <Filter Include="UI">
      <UniqueIdentifier>{b8a75d4c-2ab4-4420-ad82-f6dbbb551a3b}</UniqueIdentifier>
    </Filter>
    <Filter Include="Audio">
      <UniqueIdentifier>{e370e882-b420-47a8-a788-feebfbd1ba4b}</UniqueIdentifier>
    </Filter>
  </ItemGroup>
  <ItemGroup>
    <ClCompile Include="HarvestBoom.cpp" />
    <ClCompile Include="main.cpp" />
    <ClCompile Include="Player.cpp">
      <Filter>Actors</Filter>
    </ClCompile>
    <ClCompile Include="World.cpp">
      <Filter>World</Filter>
    </ClCompile>
    <ClCompile Include="pch.cpp" />
    <ClCompile Include="IPlant.cpp">
      <Filter>Actors</Filter>
    </ClCompile>
    <ClCompile Include="IEnemy.cpp">
      <Filter>Actors</Filter>
    </ClCompile>
    <ClCompile Include="IActor.cpp">
      <Filter>Actors</Filter>
    </ClCompile>
    <ClCompile Include="DayNight.cpp">
      <Filter>UI</Filter>
    </ClCompile>
    <ClCompile Include="Stamina.cpp">
      <Filter>UI</Filter>
    </ClCompile>
    <ClCompile Include="Audio\LtGAudioBanks.cpp">
      <Filter>Audio</Filter>
    </ClCompile>
    <ClCompile Include="Audio\LtGAudioManager.cpp">
      <Filter>Audio</Filter>
    </ClCompile>
    <ClCompile Include="AreaManager.cpp">
      <Filter>World\Areas</Filter>
    </ClCompile>
    <ClCompile Include="Tile.cpp">
      <Filter>World\Areas</Filter>
    </ClCompile>
  </ItemGroup>
  <ItemGroup>
    <ClInclude Include="HarvestBoom.h" />
    <ClInclude Include="World.h">
      <Filter>World</Filter>
    </ClInclude>
    <ClInclude Include="Player.h">
      <Filter>Actors</Filter>
    </ClInclude>
    <ClInclude Include="pch.h" />
    <ClInclude Include="IPlant.h">
      <Filter>Actors</Filter>
    </ClInclude>
    <ClInclude Include="DayNight.h">
      <Filter>UI</Filter>
    </ClInclude>
    <ClInclude Include="Stamina.h">
      <Filter>UI</Filter>
    </ClInclude>
    <ClInclude Include="Audio\LtGAudioBanks.h">
      <Filter>Audio</Filter>
    </ClInclude>
    <ClInclude Include="Audio\LtGAudioLinks.h">
      <Filter>Audio</Filter>
    </ClInclude>
    <ClInclude Include="Audio\LtGAudioManager.h">
      <Filter>Audio</Filter>
    </ClInclude>
    <ClInclude Include="Audio\LtGAudioCues.h">
      <Filter>Audio</Filter>
    </ClInclude>
    <ClInclude Include="AreaManager.h">
      <Filter>World\Areas</Filter>
    </ClInclude>
    <ClInclude Include="Tile.h">
      <Filter>World\Areas</Filter>
    </ClInclude>
    <ClInclude Include="IActor.h">
      <Filter>Actors</Filter>
    </ClInclude>
    <ClInclude Include="IEnemy.h">
      <Filter>Actors</Filter>
    </ClInclude>
  </ItemGroup>
  <ItemGroup>
    <None Include="Audio\BuildAudioLinks.pl">
      <Filter>Audio</Filter>
    </None>
  </ItemGroup>
</Project>